
Microsoft Visual Studio Solution File, Format Version 12.00
# Visual Studio Version 16
VisualStudioVersion = 16.0.29926.136
MinimumVisualStudioVersion = 10.0.40219.1
Project("{FAE04EC0-301F-11D3-BF4B-00C04F79EFBC}") = "DockerExample", "DockerExample.csproj", "{98A25C3D-4F3F-4619-8F9B-12637CFABC78}"
EndProject
Global
	GlobalSection(SolutionConfigurationPlatforms) = preSolution
		Debug|Any CPU = Debug|Any CPU
		Release|Any CPU = Release|Any CPU
	EndGlobalSection
	GlobalSection(ProjectConfigurationPlatforms) = postSolution
		{98A25C3D-4F3F-4619-8F9B-12637CFABC78}.Debug|Any CPU.ActiveCfg = Debug|Any CPU
		{98A25C3D-4F3F-4619-8F9B-12637CFABC78}.Debug|Any CPU.Build.0 = Debug|Any CPU
		{98A25C3D-4F3F-4619-8F9B-12637CFABC78}.Release|Any CPU.ActiveCfg = Release|Any CPU
		{98A25C3D-4F3F-4619-8F9B-12637CFABC78}.Release|Any CPU.Build.0 = Release|Any CPU
	EndGlobalSection
	GlobalSection(SolutionProperties) = preSolution
		HideSolutionNode = FALSE
	EndGlobalSection
	GlobalSection(ExtensibilityGlobals) = postSolution
		SolutionGuid = {F66A3017-A482-443B-A490-CBA56F0F585A}
	EndGlobalSection
EndGlobal
